<?xml version="1.0" encoding="utf-8"?>
<Project ToolsVersion="4.0" xmlns="http://schemas.microsoft.com/developer/msbuild/2003">
  <ItemGroup>
    <Filter Include="Source">
      <UniqueIdentifier>{e5608169-db79-463b-ae13-6bbd84d8807b}</UniqueIdentifier>
    </Filter>
    <Filter Include="Test">
      <UniqueIdentifier>{d99ec9d0-9aa2-4719-988b-ca28c6dab085}</UniqueIdentifier>
    </Filter>
  </ItemGroup>
  <ItemGroup>
    <ClCompile Include="Source\BVH.cpp">
      <Filter>Source</Filter>
    </ClCompile>
    <ClCompile Include="Source\BVHBuilder.cpp">
      <Filter>Source</Filter>
    </ClCompile>
    <ClCompile Include="Source\Memory.cpp">
      <Filter>Source</Filter>
    </ClCompile>
    <ClCompile Include="Test\Main.cpp">
      <Filter>Test</Filter>
    </ClCompile>
    <ClCompile Include="Source\Triangle.cpp">
      <Filter>Source</Filter>
    </ClCompile>
    <ClCompile Include="Source\Parallel.cpp">
      <Filter>Source</Filter>
    </ClCompile>
    <ClCompile Include="Source\Scene.cpp">
      <Filter>Source</Filter>
    </ClCompile>
    <ClCompile Include="Source\Renderer.cpp">
      <Filter>Source</Filter>
    </ClCompile>
    <ClCompile Include="Source\tiny_obj_loader.cc">
      <Filter>Source</Filter>
    </ClCompile>
    <ClCompile Include="Source\Transform.cpp">
      <Filter>Source</Filter>
    </ClCompile>
    <ClCompile Include="Source\CudaBVHBuilder.cpp">
      <Filter>Source</Filter>
    </ClCompile>
    <ClCompile Include="Source\RecursiveBVHBuilder.cpp">
      <Filter>Source</Filter>
    </ClCompile>
  </ItemGroup>
  <ItemGroup>
    <ClInclude Include="Source\BVH.h">
      <Filter>Source</Filter>
    </ClInclude>
    <ClInclude Include="Source\BVHBuilder.h">
      <Filter>Source</Filter>
    </ClInclude>
    <ClInclude Include="Source\DPHPC.h">
      <Filter>Source</Filter>
    </ClInclude>
    <ClInclude Include="Source\Geometry.h">
      <Filter>Source</Filter>
    </ClInclude>
    <ClInclude Include="Source\Memory.h">
      <Filter>Source</Filter>
    </ClInclude>
    <ClInclude Include="Source\Primitive.h">
      <Filter>Source</Filter>
    </ClInclude>
    <ClInclude Include="Source\StringPrint.h">
      <Filter>Source</Filter>
    </ClInclude>
    <ClInclude Include="Source\Utilities.h">
      <Filter>Source</Filter>
    </ClInclude>
    <ClInclude Include="Source\Triangle.h">
      <Filter>Source</Filter>
    </ClInclude>
    <ClInclude Include="Source\Parallel.h">
      <Filter>Source</Filter>
    </ClInclude>
    <ClInclude Include="Source\Scene.h">
      <Filter>Source</Filter>
    </ClInclude>
    <ClInclude Include="Source\Renderer.h">
      <Filter>Source</Filter>
    </ClInclude>
    <ClInclude Include="Source\tiny_obj_loader.h">
      <Filter>Source</Filter>
    </ClInclude>
    <ClInclude Include="Source\Transform.h">
      <Filter>Source</Filter>
    </ClInclude>
    <ClInclude Include="Source\Sampling.h">
      <Filter>Source</Filter>
    </ClInclude>
    <ClInclude Include="Source\CudaBVHBuilder.h">
      <Filter>Source</Filter>
    </ClInclude>
    <ClInclude Include="Source\RecursiveBVHBuilder.h">
      <Filter>Source</Filter>
    </ClInclude>
    <ClInclude Include="Source\CudaBVHBuilder.cuh">
      <Filter>Source</Filter>
    </ClInclude>
  </ItemGroup>
  <ItemGroup>
    <CudaCompile Include="Source\CudaBVHBuilder.cu">
      <Filter>Source</Filter>
    </CudaCompile>
  </ItemGroup>
</Project>