<?xml version="1.0" encoding="utf-8"?>
<Project ToolsVersion="4.0" xmlns="http://schemas.microsoft.com/developer/msbuild/2003">
  <ItemGroup>
    <Filter Include="Source">
      <UniqueIdentifier>{e5608169-db79-463b-ae13-6bbd84d8807b}</UniqueIdentifier>
    </Filter>
  </ItemGroup>
  <ItemGroup>
    <ClCompile Include="Source\BVH.cpp">
      <Filter>Source</Filter>
    </ClCompile>
    <ClCompile Include="Source\BVHBuilder.cpp">
      <Filter>Source</Filter>
    </ClCompile>
    <ClCompile Include="Source\Memory.cpp">
      <Filter>Source</Filter>
    </ClCompile>
  </ItemGroup>
  <ItemGroup>
    <ClInclude Include="Source\BVH.h">
      <Filter>Source</Filter>
    </ClInclude>
    <ClInclude Include="Source\BVHBuilder.h">
      <Filter>Source</Filter>
    </ClInclude>
    <ClInclude Include="Source\DPHPC.h">
      <Filter>Source</Filter>
    </ClInclude>
    <ClInclude Include="Source\Geometry.h">
      <Filter>Source</Filter>
    </ClInclude>
    <ClInclude Include="Source\Memory.h">
      <Filter>Source</Filter>
    </ClInclude>
    <ClInclude Include="Source\Primitive.h">
      <Filter>Source</Filter>
    </ClInclude>
    <ClInclude Include="Source\StringPrint.h">
      <Filter>Source</Filter>
    </ClInclude>
    <ClInclude Include="Source\Utilities.h">
      <Filter>Source</Filter>
    </ClInclude>
  </ItemGroup>
  <ItemGroup>
    <CudaCompile Include="Source\kernel.cu">
      <Filter>Source</Filter>
    </CudaCompile>
  </ItemGroup>
</Project>